uuid: 91edd58b-6a33-48ba-b658-9be11014fd99
langcode: en
status: true
dependencies:
  config:
    - block_content.type.homepage_cta
    - field.storage.block_content.field_cta_block
  module:
    - field_collection
id: block_content.homepage_cta.field_cta_block
field_name: field_cta_block
entity_type: block_content
bundle: homepage_cta
label: 'CTA Block'
description: ''
required: false
translatable: false
default_value:
  - {  }
default_value_callback: ''
settings: {  }
field_type: field_collection
